
Microsoft Visual Studio Solution File, Format Version 12.00
# Visual Studio Version 16
VisualStudioVersion = 16.0.31728.76
MinimumVisualStudioVersion = 10.0.40219.1
Project("{FAE04EC0-301F-11D3-BF4B-00C04F79EFBC}") = "ConsoleApp2", "ConsoleApp2\ConsoleApp2.csproj", "{904582E7-2215-445F-A5B0-C4739FED8399}"
EndProject
Global
	GlobalSection(SolutionConfigurationPlatforms) = preSolution
		Debug|Any CPU = Debug|Any CPU
		Release|Any CPU = Release|Any CPU
	EndGlobalSection
	GlobalSection(ProjectConfigurationPlatforms) = postSolution
		{904582E7-2215-445F-A5B0-C4739FED8399}.Debug|Any CPU.ActiveCfg = Debug|Any CPU
		{904582E7-2215-445F-A5B0-C4739FED8399}.Debug|Any CPU.Build.0 = Debug|Any CPU
		{904582E7-2215-445F-A5B0-C4739FED8399}.Release|Any CPU.ActiveCfg = Release|Any CPU
		{904582E7-2215-445F-A5B0-C4739FED8399}.Release|Any CPU.Build.0 = Release|Any CPU
	EndGlobalSection
	GlobalSection(SolutionProperties) = preSolution
		HideSolutionNode = FALSE
	EndGlobalSection
	GlobalSection(ExtensibilityGlobals) = postSolution
		SolutionGuid = {73A01403-5AD6-4750-8529-39019C2E2E70}
	EndGlobalSection
EndGlobal
