
Microsoft Visual Studio Solution File, Format Version 12.00
# Visual Studio Version 16
VisualStudioVersion = 16.0.31728.76
MinimumVisualStudioVersion = 10.0.40219.1
Project("{9A19103F-16F7-4668-BE54-9A1E7A4F7556}") = "AddressClass", "AddressClass.csproj", "{50B768B4-E1F1-49C9-91FE-3C91093A8917}"
EndProject
Project("{FAE04EC0-301F-11D3-BF4B-00C04F79EFBC}") = "XUnitTestProject1", "..\XUnitTestProject1\XUnitTestProject1.csproj", "{A8DB63A5-B0AA-4679-9312-41096A78ED6C}"
EndProject
Global
	GlobalSection(SolutionConfigurationPlatforms) = preSolution
		Debug|Any CPU = Debug|Any CPU
		Release|Any CPU = Release|Any CPU
	EndGlobalSection
	GlobalSection(ProjectConfigurationPlatforms) = postSolution
		{50B768B4-E1F1-49C9-91FE-3C91093A8917}.Debug|Any CPU.ActiveCfg = Debug|Any CPU
		{50B768B4-E1F1-49C9-91FE-3C91093A8917}.Debug|Any CPU.Build.0 = Debug|Any CPU
		{50B768B4-E1F1-49C9-91FE-3C91093A8917}.Release|Any CPU.ActiveCfg = Release|Any CPU
		{50B768B4-E1F1-49C9-91FE-3C91093A8917}.Release|Any CPU.Build.0 = Release|Any CPU
		{A8DB63A5-B0AA-4679-9312-41096A78ED6C}.Debug|Any CPU.ActiveCfg = Debug|Any CPU
		{A8DB63A5-B0AA-4679-9312-41096A78ED6C}.Debug|Any CPU.Build.0 = Debug|Any CPU
		{A8DB63A5-B0AA-4679-9312-41096A78ED6C}.Release|Any CPU.ActiveCfg = Release|Any CPU
		{A8DB63A5-B0AA-4679-9312-41096A78ED6C}.Release|Any CPU.Build.0 = Release|Any CPU
	EndGlobalSection
	GlobalSection(SolutionProperties) = preSolution
		HideSolutionNode = FALSE
	EndGlobalSection
	GlobalSection(ExtensibilityGlobals) = postSolution
		SolutionGuid = {1B549260-5EC0-4DFF-8728-4F12DCB914E7}
	EndGlobalSection
EndGlobal
