
Microsoft Visual Studio Solution File, Format Version 12.00
# Visual Studio Version 16
VisualStudioVersion = 16.0.31728.76
MinimumVisualStudioVersion = 10.0.40219.1
Project("{9A19103F-16F7-4668-BE54-9A1E7A4F7556}") = "BankAccount", "BankAccount.csproj", "{673F263B-4D2A-4036-B28E-9A49C49CD4BF}"
EndProject
Project("{FAE04EC0-301F-11D3-BF4B-00C04F79EFBC}") = "UnitTestBankAccount", "..\UnitTestBankAccount\UnitTestBankAccount.csproj", "{5B737608-CC2B-4ECD-8983-143C9A2CB3C1}"
EndProject
Global
	GlobalSection(SolutionConfigurationPlatforms) = preSolution
		Debug|Any CPU = Debug|Any CPU
		Release|Any CPU = Release|Any CPU
	EndGlobalSection
	GlobalSection(ProjectConfigurationPlatforms) = postSolution
		{673F263B-4D2A-4036-B28E-9A49C49CD4BF}.Debug|Any CPU.ActiveCfg = Debug|Any CPU
		{673F263B-4D2A-4036-B28E-9A49C49CD4BF}.Debug|Any CPU.Build.0 = Debug|Any CPU
		{673F263B-4D2A-4036-B28E-9A49C49CD4BF}.Release|Any CPU.ActiveCfg = Release|Any CPU
		{673F263B-4D2A-4036-B28E-9A49C49CD4BF}.Release|Any CPU.Build.0 = Release|Any CPU
		{5B737608-CC2B-4ECD-8983-143C9A2CB3C1}.Debug|Any CPU.ActiveCfg = Debug|Any CPU
		{5B737608-CC2B-4ECD-8983-143C9A2CB3C1}.Debug|Any CPU.Build.0 = Debug|Any CPU
		{5B737608-CC2B-4ECD-8983-143C9A2CB3C1}.Release|Any CPU.ActiveCfg = Release|Any CPU
		{5B737608-CC2B-4ECD-8983-143C9A2CB3C1}.Release|Any CPU.Build.0 = Release|Any CPU
	EndGlobalSection
	GlobalSection(SolutionProperties) = preSolution
		HideSolutionNode = FALSE
	EndGlobalSection
	GlobalSection(ExtensibilityGlobals) = postSolution
		SolutionGuid = {2C5DC80D-116E-4551-8C6A-ED7D8C3D0130}
	EndGlobalSection
EndGlobal
