
Microsoft Visual Studio Solution File, Format Version 12.00
# Visual Studio Version 16
VisualStudioVersion = 16.0.31728.76
MinimumVisualStudioVersion = 10.0.40219.1
Project("{FAE04EC0-301F-11D3-BF4B-00C04F79EFBC}") = "groupWork", "groupWork\groupWork.csproj", "{9B155649-4F0C-4ECD-A053-FF1D5F4AD389}"
EndProject
Global
	GlobalSection(SolutionConfigurationPlatforms) = preSolution
		Debug|Any CPU = Debug|Any CPU
		Release|Any CPU = Release|Any CPU
	EndGlobalSection
	GlobalSection(ProjectConfigurationPlatforms) = postSolution
		{9B155649-4F0C-4ECD-A053-FF1D5F4AD389}.Debug|Any CPU.ActiveCfg = Debug|Any CPU
		{9B155649-4F0C-4ECD-A053-FF1D5F4AD389}.Debug|Any CPU.Build.0 = Debug|Any CPU
		{9B155649-4F0C-4ECD-A053-FF1D5F4AD389}.Release|Any CPU.ActiveCfg = Release|Any CPU
		{9B155649-4F0C-4ECD-A053-FF1D5F4AD389}.Release|Any CPU.Build.0 = Release|Any CPU
	EndGlobalSection
	GlobalSection(SolutionProperties) = preSolution
		HideSolutionNode = FALSE
	EndGlobalSection
	GlobalSection(ExtensibilityGlobals) = postSolution
		SolutionGuid = {AC6CA3D0-27B3-49F5-AAD0-1BC0AC85291D}
	EndGlobalSection
EndGlobal
