
Microsoft Visual Studio Solution File, Format Version 12.00
# Visual Studio Version 16
VisualStudioVersion = 16.0.31728.76
MinimumVisualStudioVersion = 10.0.40219.1
Project("{FAE04EC0-301F-11D3-BF4B-00C04F79EFBC}") = "methodsPassByReferencePractice", "methodsPassByReferencePractice\methodsPassByReferencePractice.csproj", "{4089D088-5BD7-43D1-BE11-97BE38D5FF8F}"
EndProject
Global
	GlobalSection(SolutionConfigurationPlatforms) = preSolution
		Debug|Any CPU = Debug|Any CPU
		Release|Any CPU = Release|Any CPU
	EndGlobalSection
	GlobalSection(ProjectConfigurationPlatforms) = postSolution
		{4089D088-5BD7-43D1-BE11-97BE38D5FF8F}.Debug|Any CPU.ActiveCfg = Debug|Any CPU
		{4089D088-5BD7-43D1-BE11-97BE38D5FF8F}.Debug|Any CPU.Build.0 = Debug|Any CPU
		{4089D088-5BD7-43D1-BE11-97BE38D5FF8F}.Release|Any CPU.ActiveCfg = Release|Any CPU
		{4089D088-5BD7-43D1-BE11-97BE38D5FF8F}.Release|Any CPU.Build.0 = Release|Any CPU
	EndGlobalSection
	GlobalSection(SolutionProperties) = preSolution
		HideSolutionNode = FALSE
	EndGlobalSection
	GlobalSection(ExtensibilityGlobals) = postSolution
		SolutionGuid = {C0228009-CDBF-4B24-A427-7A1B717D12CD}
	EndGlobalSection
EndGlobal
